
Microsoft Visual Studio Solution File, Format Version 12.00
# Visual Studio Version 17
VisualStudioVersion = 17.0.31903.59
MinimumVisualStudioVersion = 10.0.40219.1
Project("{FAE04EC0-301F-11D3-BF4B-00C04F79EFBC}") = "UCD.Rosetta.Client", "UCD.Rosetta.Client\UCD.Rosetta.Client.csproj", "{F452BDEA-4D20-43F4-B131-51770BE26492}"
EndProject
Project("{FAE04EC0-301F-11D3-BF4B-00C04F79EFBC}") = "UCD.Rosetta.Client.Example", "UCD.Rosetta.Client.Example\UCD.Rosetta.Client.Example.csproj", "{52BF61F0-04E2-4B08-BF12-A4D6F7E738FB}"
EndProject
Global
	GlobalSection(SolutionConfigurationPlatforms) = preSolution
		Debug|Any CPU = Debug|Any CPU
		Release|Any CPU = Release|Any CPU
	EndGlobalSection
	GlobalSection(SolutionProperties) = preSolution
		HideSolutionNode = FALSE
	EndGlobalSection
	GlobalSection(ProjectConfigurationPlatforms) = postSolution
		{F452BDEA-4D20-43F4-B131-51770BE26492}.Debug|Any CPU.ActiveCfg = Debug|Any CPU
		{F452BDEA-4D20-43F4-B131-51770BE26492}.Debug|Any CPU.Build.0 = Debug|Any CPU
		{F452BDEA-4D20-43F4-B131-51770BE26492}.Release|Any CPU.ActiveCfg = Release|Any CPU
		{F452BDEA-4D20-43F4-B131-51770BE26492}.Release|Any CPU.Build.0 = Release|Any CPU
		{52BF61F0-04E2-4B08-BF12-A4D6F7E738FB}.Debug|Any CPU.ActiveCfg = Debug|Any CPU
		{52BF61F0-04E2-4B08-BF12-A4D6F7E738FB}.Debug|Any CPU.Build.0 = Debug|Any CPU
		{52BF61F0-04E2-4B08-BF12-A4D6F7E738FB}.Release|Any CPU.ActiveCfg = Release|Any CPU
		{52BF61F0-04E2-4B08-BF12-A4D6F7E738FB}.Release|Any CPU.Build.0 = Release|Any CPU
	EndGlobalSection
EndGlobal
